
Microsoft Visual Studio Solution File, Format Version 12.00
# Visual Studio Version 16
VisualStudioVersion = 16.0.31112.23
MinimumVisualStudioVersion = 10.0.40219.1
Project("{FAE04EC0-301F-11D3-BF4B-00C04F79EFBC}") = "JulietTestSuite", "JulietTestSuite\JulietTestSuite.csproj", "{AA84FE57-8123-4C95-A8CB-66DE9A9047E0}"
EndProject
Global
	GlobalSection(SolutionConfigurationPlatforms) = preSolution
		Debug|Any CPU = Debug|Any CPU
		Release|Any CPU = Release|Any CPU
	EndGlobalSection
	GlobalSection(ProjectConfigurationPlatforms) = postSolution
		{AA84FE57-8123-4C95-A8CB-66DE9A9047E0}.Debug|Any CPU.ActiveCfg = Debug|Any CPU
		{AA84FE57-8123-4C95-A8CB-66DE9A9047E0}.Debug|Any CPU.Build.0 = Debug|Any CPU
		{AA84FE57-8123-4C95-A8CB-66DE9A9047E0}.Release|Any CPU.ActiveCfg = Release|Any CPU
		{AA84FE57-8123-4C95-A8CB-66DE9A9047E0}.Release|Any CPU.Build.0 = Release|Any CPU
	EndGlobalSection
	GlobalSection(SolutionProperties) = preSolution
		HideSolutionNode = FALSE
	EndGlobalSection
	GlobalSection(ExtensibilityGlobals) = postSolution
		SolutionGuid = {9C83821F-5402-427F-AC9D-ED5D7C36D210}
	EndGlobalSection
EndGlobal
